
Microsoft Visual Studio Solution File, Format Version 12.00
# Visual Studio Version 17
VisualStudioVersion = 17.0.31903.59
MinimumVisualStudioVersion = 10.0.40219.1
Project("{FAE04EC0-301F-11D3-BF4B-00C04F79EFBC}") = "ReceiveMessages", "ReceiveMessages\ReceiveMessages.csproj", "{53CA9FBF-ED79-D0C6-780D-305DF60D4D46}"
EndProject
Project("{FAE04EC0-301F-11D3-BF4B-00C04F79EFBC}") = "SendMessages", "SendMessages\SendMessages.csproj", "{6B0ACB2C-3E35-4DCA-B26F-F1F6E5291217}"
EndProject
Project("{FAE04EC0-301F-11D3-BF4B-00C04F79EFBC}") = "ValidationService", "ValidationService\ValidationService.csproj", "{6BFB60E2-F1EB-497C-8410-F437B9D18837}"
EndProject
Project("{FAE04EC0-301F-11D3-BF4B-00C04F79EFBC}") = "SharedModels", "SharedModels\SharedModels.csproj", "{E0B271FE-A8C1-49B7-8AE7-9EADE8F6AD0E}"
EndProject
Global
	GlobalSection(SolutionConfigurationPlatforms) = preSolution
		Debug|Any CPU = Debug|Any CPU
		Debug|x64 = Debug|x64
		Debug|x86 = Debug|x86
		Release|Any CPU = Release|Any CPU
		Release|x64 = Release|x64
		Release|x86 = Release|x86
	EndGlobalSection
	GlobalSection(ProjectConfigurationPlatforms) = postSolution
		{53CA9FBF-ED79-D0C6-780D-305DF60D4D46}.Debug|Any CPU.ActiveCfg = Debug|Any CPU
		{53CA9FBF-ED79-D0C6-780D-305DF60D4D46}.Debug|Any CPU.Build.0 = Debug|Any CPU
		{53CA9FBF-ED79-D0C6-780D-305DF60D4D46}.Debug|x64.ActiveCfg = Debug|Any CPU
		{53CA9FBF-ED79-D0C6-780D-305DF60D4D46}.Debug|x64.Build.0 = Debug|Any CPU
		{53CA9FBF-ED79-D0C6-780D-305DF60D4D46}.Debug|x86.ActiveCfg = Debug|Any CPU
		{53CA9FBF-ED79-D0C6-780D-305DF60D4D46}.Debug|x86.Build.0 = Debug|Any CPU
		{53CA9FBF-ED79-D0C6-780D-305DF60D4D46}.Release|Any CPU.ActiveCfg = Release|Any CPU
		{53CA9FBF-ED79-D0C6-780D-305DF60D4D46}.Release|Any CPU.Build.0 = Release|Any CPU
		{53CA9FBF-ED79-D0C6-780D-305DF60D4D46}.Release|x64.ActiveCfg = Release|Any CPU
		{53CA9FBF-ED79-D0C6-780D-305DF60D4D46}.Release|x64.Build.0 = Release|Any CPU
		{53CA9FBF-ED79-D0C6-780D-305DF60D4D46}.Release|x86.ActiveCfg = Release|Any CPU
		{53CA9FBF-ED79-D0C6-780D-305DF60D4D46}.Release|x86.Build.0 = Release|Any CPU
		{6B0ACB2C-3E35-4DCA-B26F-F1F6E5291217}.Debug|Any CPU.ActiveCfg = Debug|Any CPU
		{6B0ACB2C-3E35-4DCA-B26F-F1F6E5291217}.Debug|Any CPU.Build.0 = Debug|Any CPU
		{6B0ACB2C-3E35-4DCA-B26F-F1F6E5291217}.Debug|x64.ActiveCfg = Debug|Any CPU
		{6B0ACB2C-3E35-4DCA-B26F-F1F6E5291217}.Debug|x64.Build.0 = Debug|Any CPU
		{6B0ACB2C-3E35-4DCA-B26F-F1F6E5291217}.Debug|x86.ActiveCfg = Debug|Any CPU
		{6B0ACB2C-3E35-4DCA-B26F-F1F6E5291217}.Debug|x86.Build.0 = Debug|Any CPU
		{6B0ACB2C-3E35-4DCA-B26F-F1F6E5291217}.Release|Any CPU.ActiveCfg = Release|Any CPU
		{6B0ACB2C-3E35-4DCA-B26F-F1F6E5291217}.Release|Any CPU.Build.0 = Release|Any CPU
		{6B0ACB2C-3E35-4DCA-B26F-F1F6E5291217}.Release|x64.ActiveCfg = Release|Any CPU
		{6B0ACB2C-3E35-4DCA-B26F-F1F6E5291217}.Release|x64.Build.0 = Release|Any CPU
		{6B0ACB2C-3E35-4DCA-B26F-F1F6E5291217}.Release|x86.ActiveCfg = Release|Any CPU
		{6B0ACB2C-3E35-4DCA-B26F-F1F6E5291217}.Release|x86.Build.0 = Release|Any CPU
		{6BFB60E2-F1EB-497C-8410-F437B9D18837}.Debug|Any CPU.ActiveCfg = Debug|Any CPU
		{6BFB60E2-F1EB-497C-8410-F437B9D18837}.Debug|Any CPU.Build.0 = Debug|Any CPU
		{6BFB60E2-F1EB-497C-8410-F437B9D18837}.Debug|x64.ActiveCfg = Debug|Any CPU
		{6BFB60E2-F1EB-497C-8410-F437B9D18837}.Debug|x64.Build.0 = Debug|Any CPU
		{6BFB60E2-F1EB-497C-8410-F437B9D18837}.Debug|x86.ActiveCfg = Debug|Any CPU
		{6BFB60E2-F1EB-497C-8410-F437B9D18837}.Debug|x86.Build.0 = Debug|Any CPU
		{6BFB60E2-F1EB-497C-8410-F437B9D18837}.Release|Any CPU.ActiveCfg = Release|Any CPU
		{6BFB60E2-F1EB-497C-8410-F437B9D18837}.Release|Any CPU.Build.0 = Release|Any CPU
		{6BFB60E2-F1EB-497C-8410-F437B9D18837}.Release|x64.ActiveCfg = Release|Any CPU
		{6BFB60E2-F1EB-497C-8410-F437B9D18837}.Release|x64.Build.0 = Release|Any CPU
		{6BFB60E2-F1EB-497C-8410-F437B9D18837}.Release|x86.ActiveCfg = Release|Any CPU
		{6BFB60E2-F1EB-497C-8410-F437B9D18837}.Release|x86.Build.0 = Release|Any CPU
		{E0B271FE-A8C1-49B7-8AE7-9EADE8F6AD0E}.Debug|Any CPU.ActiveCfg = Debug|Any CPU
		{E0B271FE-A8C1-49B7-8AE7-9EADE8F6AD0E}.Debug|Any CPU.Build.0 = Debug|Any CPU
		{E0B271FE-A8C1-49B7-8AE7-9EADE8F6AD0E}.Debug|x64.ActiveCfg = Debug|Any CPU
		{E0B271FE-A8C1-49B7-8AE7-9EADE8F6AD0E}.Debug|x64.Build.0 = Debug|Any CPU
		{E0B271FE-A8C1-49B7-8AE7-9EADE8F6AD0E}.Debug|x86.ActiveCfg = Debug|Any CPU
		{E0B271FE-A8C1-49B7-8AE7-9EADE8F6AD0E}.Debug|x86.Build.0 = Debug|Any CPU
		{E0B271FE-A8C1-49B7-8AE7-9EADE8F6AD0E}.Release|Any CPU.ActiveCfg = Release|Any CPU
		{E0B271FE-A8C1-49B7-8AE7-9EADE8F6AD0E}.Release|Any CPU.Build.0 = Release|Any CPU
		{E0B271FE-A8C1-49B7-8AE7-9EADE8F6AD0E}.Release|x64.ActiveCfg = Release|Any CPU
		{E0B271FE-A8C1-49B7-8AE7-9EADE8F6AD0E}.Release|x64.Build.0 = Release|Any CPU
		{E0B271FE-A8C1-49B7-8AE7-9EADE8F6AD0E}.Release|x86.ActiveCfg = Release|Any CPU
		{E0B271FE-A8C1-49B7-8AE7-9EADE8F6AD0E}.Release|x86.Build.0 = Release|Any CPU
	EndGlobalSection
	GlobalSection(SolutionProperties) = preSolution
		HideSolutionNode = FALSE
	EndGlobalSection
	GlobalSection(ExtensibilityGlobals) = postSolution
		SolutionGuid = {0F612482-D3EB-4853-B154-183E25883996}
	EndGlobalSection
EndGlobal
